// !$*UTF8*$!
{
	archiveVersion = 1;
	classes = {
	};
	objectVersion = 50;
	objects = {

/* Begin PBXBuildFile section */
		5220E80E21D13FD200A9BD35 /* AppDelegate.swift in Sources */ = {isa = PBXBuildFile; fileRef = 5220E80D21D13FD200A9BD35 /* AppDelegate.swift */; };
		5220E81021D13FD200A9BD35 /* ViewController.swift in Sources */ = {isa = PBXBuildFile; fileRef = 5220E80F21D13FD200A9BD35 /* ViewController.swift */; };
		5220E81321D13FD200A9BD35 /* Main.storyboard in Resources */ = {isa = PBXBuildFile; fileRef = 5220E81121D13FD200A9BD35 /* Main.storyboard */; };
		5220E81521D13FD300A9BD35 /* Assets.xcassets in Resources */ = {isa = PBXBuildFile; fileRef = 5220E81421D13FD300A9BD35 /* Assets.xcassets */; };
		5220E81821D13FD300A9BD35 /* LaunchScreen.storyboard in Resources */ = {isa = PBXBuildFile; fileRef = 5220E81621D13FD300A9BD35 /* LaunchScreen.storyboard */; };
		5220E82321D13FD300A9BD35 /* UnitTestingExampleTests.swift in Sources */ = {isa = PBXBuildFile; fileRef = 5220E82221D13FD300A9BD35 /* UnitTestingExampleTests.swift */; };
		5220E82E21D1402F00A9BD35 /* Student.swift in Sources */ = {isa = PBXBuildFile; fileRef = 5220E82D21D1402F00A9BD35 /* Student.swift */; };
		5220E83021D1418100A9BD35 /* StudentTest.swift in Sources */ = {isa = PBXBuildFile; fileRef = 5220E82F21D1418100A9BD35 /* StudentTest.swift */; };
/* End PBXBuildFile section */

/* Begin PBXContainerItemProxy section */
		5220E81F21D13FD300A9BD35 /* PBXContainerItemProxy */ = {
			isa = PBXContainerItemProxy;
			containerPortal = 5220E80221D13FD200A9BD35 /* Project object */;
			proxyType = 1;
			remoteGlobalIDString = 5220E80921D13FD200A9BD35;
			remoteInfo = UnitTestingExample;
		};
/* End PBXContainerItemProxy section */

/* Begin PBXFileReference section */
		5220E80A21D13FD200A9BD35 /* UnitTestingExample.app */ = {isa = PBXFileReference; explicitFileType = wrapper.application; includeInIndex = 0; path = UnitTestingExample.app; sourceTree = BUILT_PRODUCTS_DIR; };
		5220E80D21D13FD200A9BD35 /* AppDelegate.swift */ = {isa = PBXFileReference; lastKnownFileType = sourcecode.swift; path = AppDelegate.swift; sourceTree = "<group>"; };
		5220E80F21D13FD200A9BD35 /* ViewController.swift */ = {isa = PBXFileReference; lastKnownFileType = sourcecode.swift; path = ViewController.swift; sourceTree = "<group>"; };
		5220E81221D13FD200A9BD35 /* Base */ = {isa = PBXFileReference; lastKnownFileType = file.storyboard; name = Base; path = Base.lproj/Main.storyboard; sourceTree = "<group>"; };
		5220E81421D13FD300A9BD35 /* Assets.xcassets */ = {isa = PBXFileReference; lastKnownFileType = folder.assetcatalog; path = Assets.xcassets; sourceTree = "<group>"; };
		5220E81721D13FD300A9BD35 /* Base */ = {isa = PBXFileReference; lastKnownFileType = file.storyboard; name = Base; path = Base.lproj/LaunchScreen.storyboard; sourceTree = "<group>"; };
		5220E81921D13FD300A9BD35 /* Info.plist */ = {isa = PBXFileReference; lastKnownFileType = text.plist.xml; path = Info.plist; sourceTree = "<group>"; };
		5220E81E21D13FD300A9BD35 /* UnitTestingExampleTests.xctest */ = {isa = PBXFileReference; explicitFileType = wrapper.cfbundle; includeInIndex = 0; path = UnitTestingExampleTests.xctest; sourceTree = BUILT_PRODUCTS_DIR; };
		5220E82221D13FD300A9BD35 /* UnitTestingExampleTests.swift */ = {isa = PBXFileReference; lastKnownFileType = sourcecode.swift; path = UnitTestingExampleTests.swift; sourceTree = "<group>"; };
		5220E82421D13FD300A9BD35 /* Info.plist */ = {isa = PBXFileReference; lastKnownFileType = text.plist.xml; path = Info.plist; sourceTree = "<group>"; };
		5220E82D21D1402F00A9BD35 /* Student.swift */ = {isa = PBXFileReference; lastKnownFileType = sourcecode.swift; path = Student.swift; sourceTree = "<group>"; };
		5220E82F21D1418100A9BD35 /* StudentTest.swift */ = {isa = PBXFileReference; lastKnownFileType = sourcecode.swift; path = StudentTest.swift; sourceTree = "<group>"; };
/* End PBXFileReference section */

/* Begin PBXFrameworksBuildPhase section */
		5220E80721D13FD200A9BD35 /* Frameworks */ = {
			isa = PBXFrameworksBuildPhase;
			buildActionMask = 2147483647;
			files = (
			);
			runOnlyForDeploymentPostprocessing = 0;
		};
		5220E81B21D13FD300A9BD35 /* Frameworks */ = {
			isa = PBXFrameworksBuildPhase;
			buildActionMask = 2147483647;
			files = (
			);
			runOnlyForDeploymentPostprocessing = 0;
		};
/* End PBXFrameworksBuildPhase section */

/* Begin PBXGroup section */
		5220E80121D13FD200A9BD35 = {
			isa = PBXGroup;
			children = (
				5220E80C21D13FD200A9BD35 /* UnitTestingExample */,
				5220E82121D13FD300A9BD35 /* UnitTestingExampleTests */,
				5220E80B21D13FD200A9BD35 /* Products */,
			);
			sourceTree = "<group>";
		};
		5220E80B21D13FD200A9BD35 /* Products */ = {
			isa = PBXGroup;
			children = (
				5220E80A21D13FD200A9BD35 /* UnitTestingExample.app */,
				5220E81E21D13FD300A9BD35 /* UnitTestingExampleTests.xctest */,
			);
			name = Products;
			sourceTree = "<group>";
		};
		5220E80C21D13FD200A9BD35 /* UnitTestingExample */ = {
			isa = PBXGroup;
			children = (
				5220E80D21D13FD200A9BD35 /* AppDelegate.swift */,
				5220E80F21D13FD200A9BD35 /* ViewController.swift */,
				5220E81121D13FD200A9BD35 /* Main.storyboard */,
				5220E81421D13FD300A9BD35 /* Assets.xcassets */,
				5220E81621D13FD300A9BD35 /* LaunchScreen.storyboard */,
				5220E81921D13FD300A9BD35 /* Info.plist */,
				5220E82D21D1402F00A9BD35 /* Student.swift */,
			);
			path = UnitTestingExample;
			sourceTree = "<group>";
		};
		5220E82121D13FD300A9BD35 /* UnitTestingExampleTests */ = {
			isa = PBXGroup;
			children = (
				5220E82221D13FD300A9BD35 /* UnitTestingExampleTests.swift */,
				5220E82421D13FD300A9BD35 /* Info.plist */,
				5220E82F21D1418100A9BD35 /* StudentTest.swift */,
			);
			path = UnitTestingExampleTests;
			sourceTree = "<group>";
		};
/* End PBXGroup section */

/* Begin PBXNativeTarget section */
		5220E80921D13FD200A9BD35 /* UnitTestingExample */ = {
			isa = PBXNativeTarget;
			buildConfigurationList = 5220E82721D13FD300A9BD35 /* Build configuration list for PBXNativeTarget "UnitTestingExample" */;
			buildPhases = (
				5220E80621D13FD200A9BD35 /* Sources */,
				5220E80721D13FD200A9BD35 /* Frameworks */,
				5220E80821D13FD200A9BD35 /* Resources */,
			);
			buildRules = (
			);
			dependencies = (
			);
			name = UnitTestingExample;
			productName = UnitTestingExample;
			productReference = 5220E80A21D13FD200A9BD35 /* UnitTestingExample.app */;
			productType = "com.apple.product-type.application";
		};
		5220E81D21D13FD300A9BD35 /* UnitTestingExampleTests */ = {
			isa = PBXNativeTarget;
			buildConfigurationList = 5220E82A21D13FD300A9BD35 /* Build configuration list for PBXNativeTarget "UnitTestingExampleTests" */;
			buildPhases = (
				5220E81A21D13FD300A9BD35 /* Sources */,
				5220E81B21D13FD300A9BD35 /* Frameworks */,
				5220E81C21D13FD300A9BD35 /* Resources */,
			);
			buildRules = (
			);
			dependencies = (
				5220E82021D13FD300A9BD35 /* PBXTargetDependency */,
			);
			name = UnitTestingExampleTests;
			productName = UnitTestingExampleTests;
			productReference = 5220E81E21D13FD300A9BD35 /* UnitTestingExampleTests.xctest */;
			productType = "com.apple.product-type.bundle.unit-test";
		};
/* End PBXNativeTarget section */

/* Begin PBXProject section */
		5220E80221D13FD200A9BD35 /* Project object */ = {
			isa = PBXProject;
			attributes = {
				LastSwiftUpdateCheck = 1010;
				LastUpgradeCheck = 1010;
				ORGANIZATIONNAME = Collection;
				TargetAttributes = {
					5220E80921D13FD200A9BD35 = {
						CreatedOnToolsVersion = 10.1;
					};
					5220E81D21D13FD300A9BD35 = {
						CreatedOnToolsVersion = 10.1;
						TestTargetID = 5220E80921D13FD200A9BD35;
					};
				};
			};
			buildConfigurationList = 5220E80521D13FD200A9BD35 /* Build configuration list for PBXProject "UnitTestingExample" */;
			compatibilityVersion = "Xcode 9.3";
			developmentRegion = en;
			hasScannedForEncodings = 0;
			knownRegions = (
				en,
				Base,
			);
			mainGroup = 5220E80121D13FD200A9BD35;
			productRefGroup = 5220E80B21D13FD200A9BD35 /* Products */;
			projectDirPath = "";
			projectRoot = "";
			targets = (
				5220E80921D13FD200A9BD35 /* UnitTestingExample */,
				5220E81D21D13FD300A9BD35 /* UnitTestingExampleTests */,
			);
		};
/* End PBXProject section */

/* Begin PBXResourcesBuildPhase section */
		5220E80821D13FD200A9BD35 /* Resources */ = {
			isa = PBXResourcesBuildPhase;
			buildActionMask = 2147483647;
			files = (
				5220E81821D13FD300A9BD35 /* LaunchScreen.storyboard in Resources */,
				5220E81521D13FD300A9BD35 /* Assets.xcassets in Resources */,
				5220E81321D13FD200A9BD35 /* Main.storyboard in Resources */,
			);
			runOnlyForDeploymentPostprocessing = 0;
		};
		5220E81C21D13FD300A9BD35 /* Resources */ = {
			isa = PBXResourcesBuildPhase;
			buildActionMask = 2147483647;
			files = (
			);
			runOnlyForDeploymentPostprocessing = 0;
		};
/* End PBXResourcesBuildPhase section */

/* Begin PBXSourcesBuildPhase section */
		5220E80621D13FD200A9BD35 /* Sources */ = {
			isa = PBXSourcesBuildPhase;
			buildActionMask = 2147483647;
			files = (
				5220E81021D13FD200A9BD35 /* ViewController.swift in Sources */,
				5220E82E21D1402F00A9BD35 /* Student.swift in Sources */,
				5220E80E21D13FD200A9BD35 /* AppDelegate.swift in Sources */,
			);
			runOnlyForDeploymentPostprocessing = 0;
		};
		5220E81A21D13FD300A9BD35 /* Sources */ = {
			isa = PBXSourcesBuildPhase;
			buildActionMask = 2147483647;
			files = (
				5220E82321D13FD300A9BD35 /* UnitTestingExampleTests.swift in Sources */,
				5220E83021D1418100A9BD35 /* StudentTest.swift in Sources */,
			);
			runOnlyForDeploymentPostprocessing = 0;
		};
/* End PBXSourcesBuildPhase section */

/* Begin PBXTargetDependency section */
		5220E82021D13FD300A9BD35 /* PBXTargetDependency */ = {
			isa = PBXTargetDependency;
			target = 5220E80921D13FD200A9BD35 /* UnitTestingExample */;
			targetProxy = 5220E81F21D13FD300A9BD35 /* PBXContainerItemProxy */;
		};
/* End PBXTargetDependency section */

/* Begin PBXVariantGroup section */
		5220E81121D13FD200A9BD35 /* Main.storyboard */ = {
			isa = PBXVariantGroup;
			children = (
				5220E81221D13FD200A9BD35 /* Base */,
			);
			name = Main.storyboard;
			sourceTree = "<group>";
		};
		5220E81621D13FD300A9BD35 /* LaunchScreen.storyboard */ = {
			isa = PBXVariantGroup;
			children = (
				5220E81721D13FD300A9BD35 /* Base */,
			);
			name = LaunchScreen.storyboard;
			sourceTree = "<group>";
		};
/* End PBXVariantGroup section */

/* Begin XCBuildConfiguration section */
		5220E82521D13FD300A9BD35 /* Debug */ = {
			isa = XCBuildConfiguration;
			buildSettings = {
				ALWAYS_SEARCH_USER_PATHS = NO;
				CLANG_ANALYZER_NONNULL = YES;
				CLANG_ANALYZER_NUMBER_OBJECT_CONVERSION = YES_AGGRESSIVE;
				CLANG_CXX_LANGUAGE_STANDARD = "gnu++14";
				CLANG_CXX_LIBRARY = "libc++";
				CLANG_ENABLE_MODULES = YES;
				CLANG_ENABLE_OBJC_ARC = YES;
				CLANG_ENABLE_OBJC_WEAK = YES;
				CLANG_WARN_BLOCK_CAPTURE_AUTORELEASING = YES;
				CLANG_WARN_BOOL_CONVERSION = YES;
				CLANG_WARN_COMMA = YES;
				CLANG_WARN_CONSTANT_CONVERSION = YES;
				CLANG_WARN_DEPRECATED_OBJC_IMPLEMENTATIONS = YES;
				CLANG_WARN_DIRECT_OBJC_ISA_USAGE = YES_ERROR;
				CLANG_WARN_DOCUMENTATION_COMMENTS = YES;
				CLANG_WARN_EMPTY_BODY = YES;
				CLANG_WARN_ENUM_CONVERSION = YES;
				CLANG_WARN_INFINITE_RECURSION = YES;
				CLANG_WARN_INT_CONVERSION = YES;
				CLANG_WARN_NON_LITERAL_NULL_CONVERSION = YES;
				CLANG_WARN_OBJC_IMPLICIT_RETAIN_SELF = YES;
				CLANG_WARN_OBJC_LITERAL_CONVERSION = YES;
				CLANG_WARN_OBJC_ROOT_CLASS = YES_ERROR;
				CLANG_WARN_RANGE_LOOP_ANALYSIS = YES;
				CLANG_WARN_STRICT_PROTOTYPES = YES;
				CLANG_WARN_SUSPICIOUS_MOVE = YES;
				CLANG_WARN_UNGUARDED_AVAILABILITY = YES_AGGRESSIVE;
				CLANG_WARN_UNREACHABLE_CODE = YES;
				CLANG_WARN__DUPLICATE_METHOD_MATCH = YES;
				CODE_SIGN_IDENTITY = "iPhone Developer";
				COPY_PHASE_STRIP = NO;
				DEBUG_INFORMATION_FORMAT = dwarf;
				ENABLE_STRICT_OBJC_MSGSEND = YES;
				ENABLE_TESTABILITY = YES;
				GCC_C_LANGUAGE_STANDARD = gnu11;
				GCC_DYNAMIC_NO_PIC = NO;
				GCC_NO_COMMON_BLOCKS = YES;
				GCC_OPTIMIZATION_LEVEL = 0;
				GCC_PREPROCESSOR_DEFINITIONS = (
					"DEBUG=1",
					"$(inherited)",
				);
				GCC_WARN_64_TO_32_BIT_CONVERSION = YES;
				GCC_WARN_ABOUT_RETURN_TYPE = YES_ERROR;
				GCC_WARN_UNDECLARED_SELECTOR = YES;
				GCC_WARN_UNINITIALIZED_AUTOS = YES_AGGRESSIVE;
				GCC_WARN_UNUSED_FUNCTION = YES;
				GCC_WARN_UNUSED_VARIABLE = YES;
				IPHONEOS_DEPLOYMENT_TARGET = 12.1;
				MTL_ENABLE_DEBUG_INFO = INCLUDE_SOURCE;
				MTL_FAST_MATH = YES;
				ONLY_ACTIVE_ARCH = YES;
				SDKROOT = iphoneos;
				SWIFT_ACTIVE_COMPILATION_CONDITIONS = DEBUG;
				SWIFT_OPTIMIZATION_LEVEL = "-Onone";
			};
			name = Debug;
		};
		5220E82621D13FD300A9BD35 /* Release */ = {
			isa = XCBuildConfiguration;
			buildSettings = {
				ALWAYS_SEARCH_USER_PATHS = NO;
				CLANG_ANALYZER_NONNULL = YES;
				CLANG_ANALYZER_NUMBER_OBJECT_CONVERSION = YES_AGGRESSIVE;
				CLANG_CXX_LANGUAGE_STANDARD = "gnu++14";
				CLANG_CXX_LIBRARY = "libc++";
				CLANG_ENABLE_MODULES = YES;
				CLANG_ENABLE_OBJC_ARC = YES;
				CLANG_ENABLE_OBJC_WEAK = YES;
				CLANG_WARN_BLOCK_CAPTURE_AUTORELEASING = YES;
				CLANG_WARN_BOOL_CONVERSION = YES;
				CLANG_WARN_COMMA = YES;
				CLANG_WARN_CONSTANT_CONVERSION = YES;
				CLANG_WARN_DEPRECATED_OBJC_IMPLEMENTATIONS = YES;
				CLANG_WARN_DIRECT_OBJC_ISA_USAGE = YES_ERROR;
				CLANG_WARN_DOCUMENTATION_COMMENTS = YES;
				CLANG_WARN_EMPTY_BODY = YES;
				CLANG_WARN_ENUM_CONVERSION = YES;
				CLANG_WARN_INFINITE_RECURSION = YES;
				CLANG_WARN_INT_CONVERSION = YES;
				CLANG_WARN_NON_LITERAL_NULL_CONVERSION = YES;
				CLANG_WARN_OBJC_IMPLICIT_RETAIN_SELF = YES;
				CLANG_WARN_OBJC_LITERAL_CONVERSION = YES;
				CLANG_WARN_OBJC_ROOT_CLASS = YES_ERROR;
				CLANG_WARN_RANGE_LOOP_ANALYSIS = YES;
				CLANG_WARN_STRICT_PROTOTYPES = YES;
				CLANG_WARN_SUSPICIOUS_MOVE = YES;
				CLANG_WARN_UNGUARDED_AVAILABILITY = YES_AGGRESSIVE;
				CLANG_WARN_UNREACHABLE_CODE = YES;
				CLANG_WARN__DUPLICATE_METHOD_MATCH = YES;
				CODE_SIGN_IDENTITY = "iPhone Developer";
				COPY_PHASE_STRIP = NO;
				DEBUG_INFORMATION_FORMAT = "dwarf-with-dsym";
				ENABLE_NS_ASSERTIONS = NO;
				ENABLE_STRICT_OBJC_MSGSEND = YES;
				GCC_C_LANGUAGE_STANDARD = gnu11;
				GCC_NO_COMMON_BLOCKS = YES;
				GCC_WARN_64_TO_32_BIT_CONVERSION = YES;
				GCC_WARN_ABOUT_RETURN_TYPE = YES_ERROR;
				GCC_WARN_UNDECLARED_SELECTOR = YES;
				GCC_WARN_UNINITIALIZED_AUTOS = YES_AGGRESSIVE;
				GCC_WARN_UNUSED_FUNCTION = YES;
				GCC_WARN_UNUSED_VARIABLE = YES;
				IPHONEOS_DEPLOYMENT_TARGET = 12.1;
				MTL_ENABLE_DEBUG_INFO = NO;
				MTL_FAST_MATH = YES;
				SDKROOT = iphoneos;
				SWIFT_COMPILATION_MODE = wholemodule;
				SWIFT_OPTIMIZATION_LEVEL = "-O";
				VALIDATE_PRODUCT = YES;
			};
			name = Release;
		};
		5220E82821D13FD300A9BD35 /* Debug */ = {
			isa = XCBuildConfiguration;
			buildSettings = {
				ASSETCATALOG_COMPILER_APPICON_NAME = AppIcon;
				CODE_SIGN_STYLE = Automatic;
				DEVELOPMENT_TEAM = 8J82TD62AH;
				INFOPLIST_FILE = UnitTestingExample/Info.plist;
				LD_RUNPATH_SEARCH_PATHS = (
					"$(inherited)",
					"@executable_path/Frameworks",
				);
				PRODUCT_BUNDLE_IDENTIFIER = com.collection.UnitTestingExample;
				PRODUCT_NAME = "$(TARGET_NAME)";
				SWIFT_VERSION = 4.2;
				TARGETED_DEVICE_FAMILY = "1,2";
			};
			name = Debug;
		};
		5220E82921D13FD300A9BD35 /* Release */ = {
			isa = XCBuildConfiguration;
			buildSettings = {
				ASSETCATALOG_COMPILER_APPICON_NAME = AppIcon;
				CODE_SIGN_STYLE = Automatic;
				DEVELOPMENT_TEAM = 8J82TD62AH;
				INFOPLIST_FILE = UnitTestingExample/Info.plist;
				LD_RUNPATH_SEARCH_PATHS = (
					"$(inherited)",
					"@executable_path/Frameworks",
				);
				PRODUCT_BUNDLE_IDENTIFIER = com.collection.UnitTestingExample;
				PRODUCT_NAME = "$(TARGET_NAME)";
				SWIFT_VERSION = 4.2;
				TARGETED_DEVICE_FAMILY = "1,2";
			};
			name = Release;
		};
		5220E82B21D13FD300A9BD35 /* Debug */ = {
			isa = XCBuildConfiguration;
			buildSettings = {
				ALWAYS_EMBED_SWIFT_STANDARD_LIBRARIES = YES;
				BUNDLE_LOADER = "$(TEST_HOST)";
				CODE_SIGN_STYLE = Automatic;
				DEVELOPMENT_TEAM = 8J82TD62AH;
				INFOPLIST_FILE = UnitTestingExampleTests/Info.plist;
				LD_RUNPATH_SEARCH_PATHS = (
					"$(inherited)",
					"@executable_path/Frameworks",
					"@loader_path/Frameworks",
				);
				PRODUCT_BUNDLE_IDENTIFIER = com.collection.UnitTestingExampleTests;
				PRODUCT_NAME = "$(TARGET_NAME)";
				SWIFT_VERSION = 4.2;
				TARGETED_DEVICE_FAMILY = "1,2";
				TEST_HOST = "$(BUILT_PRODUCTS_DIR)/UnitTestingExample.app/UnitTestingExample";
			};
			name = Debug;
		};
		5220E82C21D13FD300A9BD35 /* Release */ = {
			isa = XCBuildConfiguration;
			buildSettings = {
				ALWAYS_EMBED_SWIFT_STANDARD_LIBRARIES = YES;
				BUNDLE_LOADER = "$(TEST_HOST)";
				CODE_SIGN_STYLE = Automatic;
				DEVELOPMENT_TEAM = 8J82TD62AH;
				INFOPLIST_FILE = UnitTestingExampleTests/Info.plist;
				LD_RUNPATH_SEARCH_PATHS = (
					"$(inherited)",
					"@executable_path/Frameworks",
					"@loader_path/Frameworks",
				);
				PRODUCT_BUNDLE_IDENTIFIER = com.collection.UnitTestingExampleTests;
				PRODUCT_NAME = "$(TARGET_NAME)";
				SWIFT_VERSION = 4.2;
				TARGETED_DEVICE_FAMILY = "1,2";
				TEST_HOST = "$(BUILT_PRODUCTS_DIR)/UnitTestingExample.app/UnitTestingExample";
			};
			name = Release;
		};
/* End XCBuildConfiguration section */

/* Begin XCConfigurationList section */
		5220E80521D13FD200A9BD35 /* Build configuration list for PBXProject "UnitTestingExample" */ = {
			isa = XCConfigurationList;
			buildConfigurations = (
				5220E82521D13FD300A9BD35 /* Debug */,
				5220E82621D13FD300A9BD35 /* Release */,
			);
			defaultConfigurationIsVisible = 0;
			defaultConfigurationName = Release;
		};
		5220E82721D13FD300A9BD35 /* Build configuration list for PBXNativeTarget "UnitTestingExample" */ = {
			isa = XCConfigurationList;
			buildConfigurations = (
				5220E82821D13FD300A9BD35 /* Debug */,
				5220E82921D13FD300A9BD35 /* Release */,
			);
			defaultConfigurationIsVisible = 0;
			defaultConfigurationName = Release;
		};
		5220E82A21D13FD300A9BD35 /* Build configuration list for PBXNativeTarget "UnitTestingExampleTests" */ = {
			isa = XCConfigurationList;
			buildConfigurations = (
				5220E82B21D13FD300A9BD35 /* Debug */,
				5220E82C21D13FD300A9BD35 /* Release */,
			);
			defaultConfigurationIsVisible = 0;
			defaultConfigurationName = Release;
		};
/* End XCConfigurationList section */
	};
	rootObject = 5220E80221D13FD200A9BD35 /* Project object */;
}
